// !$*UTF8*$!
{
	archiveVersion = 1;
	classes = {
	};
	objectVersion = 55;
	objects = {

/* Begin PBXBuildFile section */
		817BD6B528C3802000280B4F /* AppDelegate.swift in Sources */ = {isa = PBXBuildFile; fileRef = 817BD6B428C3802000280B4F /* AppDelegate.swift */; };
		817BD6B728C3802000280B4F /* SceneDelegate.swift in Sources */ = {isa = PBXBuildFile; fileRef = 817BD6B628C3802000280B4F /* SceneDelegate.swift */; };
		817BD6BC28C3802000280B4F /* Main.storyboard in Resources */ = {isa = PBXBuildFile; fileRef = 817BD6BA28C3802000280B4F /* Main.storyboard */; };
		817BD6BE28C3802100280B4F /* Assets.xcassets in Resources */ = {isa = PBXBuildFile; fileRef = 817BD6BD28C3802100280B4F /* Assets.xcassets */; };
		817BD6C128C3802100280B4F /* LaunchScreen.storyboard in Resources */ = {isa = PBXBuildFile; fileRef = 817BD6BF28C3802100280B4F /* LaunchScreen.storyboard */; };
		817BD6CB28C3844A00280B4F /* LoginViewController.swift in Sources */ = {isa = PBXBuildFile; fileRef = 817BD6CA28C3844A00280B4F /* LoginViewController.swift */; };
		817BD6CD28C3846900280B4F /* RegisterViewController.swift in Sources */ = {isa = PBXBuildFile; fileRef = 817BD6CC28C3846900280B4F /* RegisterViewController.swift */; };
		817BD6CF28C38C5F00280B4F /* GoogleService-Info.plist in Resources */ = {isa = PBXBuildFile; fileRef = 817BD6CE28C38C5F00280B4F /* GoogleService-Info.plist */; };
		BA838E4FFF7A456955B12A48 /* Pods_LoginFirebaseStoryboard.framework in Frameworks */ = {isa = PBXBuildFile; fileRef = DF9692D26A1809EDEEFAD518 /* Pods_LoginFirebaseStoryboard.framework */; };
/* End PBXBuildFile section */

/* Begin PBXFileReference section */
		0CC3FF31E0597391D543CC7E /* Pods-LoginFirebaseStoryboard.release.xcconfig */ = {isa = PBXFileReference; includeInIndex = 1; lastKnownFileType = text.xcconfig; name = "Pods-LoginFirebaseStoryboard.release.xcconfig"; path = "Target Support Files/Pods-LoginFirebaseStoryboard/Pods-LoginFirebaseStoryboard.release.xcconfig"; sourceTree = "<group>"; };
		39DCB45BF9583CD2BCF4FD0F /* Pods-LoginFirebaseStoryboard.debug.xcconfig */ = {isa = PBXFileReference; includeInIndex = 1; lastKnownFileType = text.xcconfig; name = "Pods-LoginFirebaseStoryboard.debug.xcconfig"; path = "Target Support Files/Pods-LoginFirebaseStoryboard/Pods-LoginFirebaseStoryboard.debug.xcconfig"; sourceTree = "<group>"; };
		817BD6B128C3802000280B4F /* LoginFirebaseStoryboard.app */ = {isa = PBXFileReference; explicitFileType = wrapper.application; includeInIndex = 0; path = LoginFirebaseStoryboard.app; sourceTree = BUILT_PRODUCTS_DIR; };
		817BD6B428C3802000280B4F /* AppDelegate.swift */ = {isa = PBXFileReference; lastKnownFileType = sourcecode.swift; path = AppDelegate.swift; sourceTree = "<group>"; };
		817BD6B628C3802000280B4F /* SceneDelegate.swift */ = {isa = PBXFileReference; lastKnownFileType = sourcecode.swift; path = SceneDelegate.swift; sourceTree = "<group>"; };
		817BD6BB28C3802000280B4F /* Base */ = {isa = PBXFileReference; lastKnownFileType = file.storyboard; name = Base; path = Base.lproj/Main.storyboard; sourceTree = "<group>"; };
		817BD6BD28C3802100280B4F /* Assets.xcassets */ = {isa = PBXFileReference; lastKnownFileType = folder.assetcatalog; path = Assets.xcassets; sourceTree = "<group>"; };
		817BD6C028C3802100280B4F /* Base */ = {isa = PBXFileReference; lastKnownFileType = file.storyboard; name = Base; path = Base.lproj/LaunchScreen.storyboard; sourceTree = "<group>"; };
		817BD6C228C3802100280B4F /* Info.plist */ = {isa = PBXFileReference; lastKnownFileType = text.plist.xml; path = Info.plist; sourceTree = "<group>"; };
		817BD6CA28C3844A00280B4F /* LoginViewController.swift */ = {isa = PBXFileReference; lastKnownFileType = sourcecode.swift; path = LoginViewController.swift; sourceTree = "<group>"; };
		817BD6CC28C3846900280B4F /* RegisterViewController.swift */ = {isa = PBXFileReference; lastKnownFileType = sourcecode.swift; path = RegisterViewController.swift; sourceTree = "<group>"; };
		817BD6CE28C38C5F00280B4F /* GoogleService-Info.plist */ = {isa = PBXFileReference; lastKnownFileType = text.plist; path = "GoogleService-Info.plist"; sourceTree = SOURCE_ROOT; };
		DF9692D26A1809EDEEFAD518 /* Pods_LoginFirebaseStoryboard.framework */ = {isa = PBXFileReference; explicitFileType = wrapper.framework; includeInIndex = 0; path = Pods_LoginFirebaseStoryboard.framework; sourceTree = BUILT_PRODUCTS_DIR; };
/* End PBXFileReference section */

/* Begin PBXFrameworksBuildPhase section */
		817BD6AE28C3802000280B4F /* Frameworks */ = {
			isa = PBXFrameworksBuildPhase;
			buildActionMask = 2147483647;
			files = (
				BA838E4FFF7A456955B12A48 /* Pods_LoginFirebaseStoryboard.framework in Frameworks */,
			);
			runOnlyForDeploymentPostprocessing = 0;
		};
/* End PBXFrameworksBuildPhase section */

/* Begin PBXGroup section */
		2770E2174A7C8C06E0E298A0 /* Pods */ = {
			isa = PBXGroup;
			children = (
				39DCB45BF9583CD2BCF4FD0F /* Pods-LoginFirebaseStoryboard.debug.xcconfig */,
				0CC3FF31E0597391D543CC7E /* Pods-LoginFirebaseStoryboard.release.xcconfig */,
			);
			name = Pods;
			path = Pods;
			sourceTree = "<group>";
		};
		817BD6A828C3802000280B4F = {
			isa = PBXGroup;
			children = (
				817BD6B328C3802000280B4F /* LoginFirebaseStoryboard */,
				817BD6B228C3802000280B4F /* Products */,
				2770E2174A7C8C06E0E298A0 /* Pods */,
				C6996F3EBC30AD517D96FF41 /* Frameworks */,
			);
			sourceTree = "<group>";
		};
		817BD6B228C3802000280B4F /* Products */ = {
			isa = PBXGroup;
			children = (
				817BD6B128C3802000280B4F /* LoginFirebaseStoryboard.app */,
			);
			name = Products;
			sourceTree = "<group>";
		};
		817BD6B328C3802000280B4F /* LoginFirebaseStoryboard */ = {
			isa = PBXGroup;
			children = (
				817BD6B428C3802000280B4F /* AppDelegate.swift */,
				817BD6B628C3802000280B4F /* SceneDelegate.swift */,
				817BD6BA28C3802000280B4F /* Main.storyboard */,
				817BD6BD28C3802100280B4F /* Assets.xcassets */,
				817BD6BF28C3802100280B4F /* LaunchScreen.storyboard */,
				817BD6C228C3802100280B4F /* Info.plist */,
				817BD6CA28C3844A00280B4F /* LoginViewController.swift */,
				817BD6CC28C3846900280B4F /* RegisterViewController.swift */,
				817BD6CE28C38C5F00280B4F /* GoogleService-Info.plist */,
			);
			path = LoginFirebaseStoryboard;
			sourceTree = "<group>";
		};
		C6996F3EBC30AD517D96FF41 /* Frameworks */ = {
			isa = PBXGroup;
			children = (
				DF9692D26A1809EDEEFAD518 /* Pods_LoginFirebaseStoryboard.framework */,
			);
			name = Frameworks;
			sourceTree = "<group>";
		};
/* End PBXGroup section */

/* Begin PBXNativeTarget section */
		817BD6B028C3802000280B4F /* LoginFirebaseStoryboard */ = {
			isa = PBXNativeTarget;
			buildConfigurationList = 817BD6C528C3802100280B4F /* Build configuration list for PBXNativeTarget "LoginFirebaseStoryboard" */;
			buildPhases = (
				760F945F8FEC991944208CB5 /* [CP] Check Pods Manifest.lock */,
				817BD6AD28C3802000280B4F /* Sources */,
				817BD6AE28C3802000280B4F /* Frameworks */,
				817BD6AF28C3802000280B4F /* Resources */,
				5362B004C809E998CAED17B7 /* [CP] Embed Pods Frameworks */,
			);
			buildRules = (
			);
			dependencies = (
			);
			name = LoginFirebaseStoryboard;
			productName = LoginFirebaseStoryboard;
			productReference = 817BD6B128C3802000280B4F /* LoginFirebaseStoryboard.app */;
			productType = "com.apple.product-type.application";
		};
/* End PBXNativeTarget section */

/* Begin PBXProject section */
		817BD6A928C3802000280B4F /* Project object */ = {
			isa = PBXProject;
			attributes = {
				BuildIndependentTargetsInParallel = 1;
				LastSwiftUpdateCheck = 1340;
				LastUpgradeCheck = 1340;
				TargetAttributes = {
					817BD6B028C3802000280B4F = {
						CreatedOnToolsVersion = 13.4.1;
					};
				};
			};
			buildConfigurationList = 817BD6AC28C3802000280B4F /* Build configuration list for PBXProject "LoginFirebaseStoryboard" */;
			compatibilityVersion = "Xcode 13.0";
			developmentRegion = en;
			hasScannedForEncodings = 0;
			knownRegions = (
				en,
				Base,
			);
			mainGroup = 817BD6A828C3802000280B4F;
			productRefGroup = 817BD6B228C3802000280B4F /* Products */;
			projectDirPath = "";
			projectRoot = "";
			targets = (
				817BD6B028C3802000280B4F /* LoginFirebaseStoryboard */,
			);
		};
/* End PBXProject section */

/* Begin PBXResourcesBuildPhase section */
		817BD6AF28C3802000280B4F /* Resources */ = {
			isa = PBXResourcesBuildPhase;
			buildActionMask = 2147483647;
			files = (
				817BD6C128C3802100280B4F /* LaunchScreen.storyboard in Resources */,
				817BD6CF28C38C5F00280B4F /* GoogleService-Info.plist in Resources */,
				817BD6BE28C3802100280B4F /* Assets.xcassets in Resources */,
				817BD6BC28C3802000280B4F /* Main.storyboard in Resources */,
			);
			runOnlyForDeploymentPostprocessing = 0;
		};
/* End PBXResourcesBuildPhase section */

/* Begin PBXShellScriptBuildPhase section */
		5362B004C809E998CAED17B7 /* [CP] Embed Pods Frameworks */ = {
			isa = PBXShellScriptBuildPhase;
			buildActionMask = 2147483647;
			files = (
			);
			inputFileListPaths = (
				"${PODS_ROOT}/Target Support Files/Pods-LoginFirebaseStoryboard/Pods-LoginFirebaseStoryboard-frameworks-${CONFIGURATION}-input-files.xcfilelist",
			);
			name = "[CP] Embed Pods Frameworks";
			outputFileListPaths = (
				"${PODS_ROOT}/Target Support Files/Pods-LoginFirebaseStoryboard/Pods-LoginFirebaseStoryboard-frameworks-${CONFIGURATION}-output-files.xcfilelist",
			);
			runOnlyForDeploymentPostprocessing = 0;
			shellPath = /bin/sh;
			shellScript = "\"${PODS_ROOT}/Target Support Files/Pods-LoginFirebaseStoryboard/Pods-LoginFirebaseStoryboard-frameworks.sh\"\n";
			showEnvVarsInLog = 0;
		};
		760F945F8FEC991944208CB5 /* [CP] Check Pods Manifest.lock */ = {
			isa = PBXShellScriptBuildPhase;
			buildActionMask = 2147483647;
			files = (
			);
			inputFileListPaths = (
			);
			inputPaths = (
				"${PODS_PODFILE_DIR_PATH}/Podfile.lock",
				"${PODS_ROOT}/Manifest.lock",
			);
			name = "[CP] Check Pods Manifest.lock";
			outputFileListPaths = (
			);
			outputPaths = (
				"$(DERIVED_FILE_DIR)/Pods-LoginFirebaseStoryboard-checkManifestLockResult.txt",
			);
			runOnlyForDeploymentPostprocessing = 0;
			shellPath = /bin/sh;
			shellScript = "diff \"${PODS_PODFILE_DIR_PATH}/Podfile.lock\" \"${PODS_ROOT}/Manifest.lock\" > /dev/null\nif [ $? != 0 ] ; then\n    # print error to STDERR\n    echo \"error: The sandbox is not in sync with the Podfile.lock. Run 'pod install' or update your CocoaPods installation.\" >&2\n    exit 1\nfi\n# This output is used by Xcode 'outputs' to avoid re-running this script phase.\necho \"SUCCESS\" > \"${SCRIPT_OUTPUT_FILE_0}\"\n";
			showEnvVarsInLog = 0;
		};
/* End PBXShellScriptBuildPhase section */

/* Begin PBXSourcesBuildPhase section */
		817BD6AD28C3802000280B4F /* Sources */ = {
			isa = PBXSourcesBuildPhase;
			buildActionMask = 2147483647;
			files = (
				817BD6CB28C3844A00280B4F /* LoginViewController.swift in Sources */,
				817BD6B528C3802000280B4F /* AppDelegate.swift in Sources */,
				817BD6B728C3802000280B4F /* SceneDelegate.swift in Sources */,
				817BD6CD28C3846900280B4F /* RegisterViewController.swift in Sources */,
			);
			runOnlyForDeploymentPostprocessing = 0;
		};
/* End PBXSourcesBuildPhase section */

/* Begin PBXVariantGroup section */
		817BD6BA28C3802000280B4F /* Main.storyboard */ = {
			isa = PBXVariantGroup;
			children = (
				817BD6BB28C3802000280B4F /* Base */,
			);
			name = Main.storyboard;
			sourceTree = "<group>";
		};
		817BD6BF28C3802100280B4F /* LaunchScreen.storyboard */ = {
			isa = PBXVariantGroup;
			children = (
				817BD6C028C3802100280B4F /* Base */,
			);
			name = LaunchScreen.storyboard;
			sourceTree = "<group>";
		};
/* End PBXVariantGroup section */

/* Begin XCBuildConfiguration section */
		817BD6C328C3802100280B4F /* Debug */ = {
			isa = XCBuildConfiguration;
			buildSettings = {
				ALWAYS_SEARCH_USER_PATHS = NO;
				CLANG_ANALYZER_NONNULL = YES;
				CLANG_ANALYZER_NUMBER_OBJECT_CONVERSION = YES_AGGRESSIVE;
				CLANG_CXX_LANGUAGE_STANDARD = "gnu++17";
				CLANG_ENABLE_MODULES = YES;
				CLANG_ENABLE_OBJC_ARC = YES;
				CLANG_ENABLE_OBJC_WEAK = YES;
				CLANG_WARN_BLOCK_CAPTURE_AUTORELEASING = YES;
				CLANG_WARN_BOOL_CONVERSION = YES;
				CLANG_WARN_COMMA = YES;
				CLANG_WARN_CONSTANT_CONVERSION = YES;
				CLANG_WARN_DEPRECATED_OBJC_IMPLEMENTATIONS = YES;
				CLANG_WARN_DIRECT_OBJC_ISA_USAGE = YES_ERROR;
				CLANG_WARN_DOCUMENTATION_COMMENTS = YES;
				CLANG_WARN_EMPTY_BODY = YES;
				CLANG_WARN_ENUM_CONVERSION = YES;
				CLANG_WARN_INFINITE_RECURSION = YES;
				CLANG_WARN_INT_CONVERSION = YES;
				CLANG_WARN_NON_LITERAL_NULL_CONVERSION = YES;
				CLANG_WARN_OBJC_IMPLICIT_RETAIN_SELF = YES;
				CLANG_WARN_OBJC_LITERAL_CONVERSION = YES;
				CLANG_WARN_OBJC_ROOT_CLASS = YES_ERROR;
				CLANG_WARN_QUOTED_INCLUDE_IN_FRAMEWORK_HEADER = YES;
				CLANG_WARN_RANGE_LOOP_ANALYSIS = YES;
				CLANG_WARN_STRICT_PROTOTYPES = YES;
				CLANG_WARN_SUSPICIOUS_MOVE = YES;
				CLANG_WARN_UNGUARDED_AVAILABILITY = YES_AGGRESSIVE;
				CLANG_WARN_UNREACHABLE_CODE = YES;
				CLANG_WARN__DUPLICATE_METHOD_MATCH = YES;
				COPY_PHASE_STRIP = NO;
				DEBUG_INFORMATION_FORMAT = dwarf;
				ENABLE_STRICT_OBJC_MSGSEND = YES;
				ENABLE_TESTABILITY = YES;
				GCC_C_LANGUAGE_STANDARD = gnu11;
				GCC_DYNAMIC_NO_PIC = NO;
				GCC_NO_COMMON_BLOCKS = YES;
				GCC_OPTIMIZATION_LEVEL = 0;
				GCC_PREPROCESSOR_DEFINITIONS = (
					"DEBUG=1",
					"$(inherited)",
				);
				GCC_WARN_64_TO_32_BIT_CONVERSION = YES;
				GCC_WARN_ABOUT_RETURN_TYPE = YES_ERROR;
				GCC_WARN_UNDECLARED_SELECTOR = YES;
				GCC_WARN_UNINITIALIZED_AUTOS = YES_AGGRESSIVE;
				GCC_WARN_UNUSED_FUNCTION = YES;
				GCC_WARN_UNUSED_VARIABLE = YES;
				IPHONEOS_DEPLOYMENT_TARGET = 15.5;
				MTL_ENABLE_DEBUG_INFO = INCLUDE_SOURCE;
				MTL_FAST_MATH = YES;
				ONLY_ACTIVE_ARCH = YES;
				SDKROOT = iphoneos;
				SWIFT_ACTIVE_COMPILATION_CONDITIONS = DEBUG;
				SWIFT_OPTIMIZATION_LEVEL = "-Onone";
			};
			name = Debug;
		};
		817BD6C428C3802100280B4F /* Release */ = {
			isa = XCBuildConfiguration;
			buildSettings = {
				ALWAYS_SEARCH_USER_PATHS = NO;
				CLANG_ANALYZER_NONNULL = YES;
				CLANG_ANALYZER_NUMBER_OBJECT_CONVERSION = YES_AGGRESSIVE;
				CLANG_CXX_LANGUAGE_STANDARD = "gnu++17";
				CLANG_ENABLE_MODULES = YES;
				CLANG_ENABLE_OBJC_ARC = YES;
				CLANG_ENABLE_OBJC_WEAK = YES;
				CLANG_WARN_BLOCK_CAPTURE_AUTORELEASING = YES;
				CLANG_WARN_BOOL_CONVERSION = YES;
				CLANG_WARN_COMMA = YES;
				CLANG_WARN_CONSTANT_CONVERSION = YES;
				CLANG_WARN_DEPRECATED_OBJC_IMPLEMENTATIONS = YES;
				CLANG_WARN_DIRECT_OBJC_ISA_USAGE = YES_ERROR;
				CLANG_WARN_DOCUMENTATION_COMMENTS = YES;
				CLANG_WARN_EMPTY_BODY = YES;
				CLANG_WARN_ENUM_CONVERSION = YES;
				CLANG_WARN_INFINITE_RECURSION = YES;
				CLANG_WARN_INT_CONVERSION = YES;
				CLANG_WARN_NON_LITERAL_NULL_CONVERSION = YES;
				CLANG_WARN_OBJC_IMPLICIT_RETAIN_SELF = YES;
				CLANG_WARN_OBJC_LITERAL_CONVERSION = YES;
				CLANG_WARN_OBJC_ROOT_CLASS = YES_ERROR;
				CLANG_WARN_QUOTED_INCLUDE_IN_FRAMEWORK_HEADER = YES;
				CLANG_WARN_RANGE_LOOP_ANALYSIS = YES;
				CLANG_WARN_STRICT_PROTOTYPES = YES;
				CLANG_WARN_SUSPICIOUS_MOVE = YES;
				CLANG_WARN_UNGUARDED_AVAILABILITY = YES_AGGRESSIVE;
				CLANG_WARN_UNREACHABLE_CODE = YES;
				CLANG_WARN__DUPLICATE_METHOD_MATCH = YES;
				COPY_PHASE_STRIP = NO;
				DEBUG_INFORMATION_FORMAT = "dwarf-with-dsym";
				ENABLE_NS_ASSERTIONS = NO;
				ENABLE_STRICT_OBJC_MSGSEND = YES;
				GCC_C_LANGUAGE_STANDARD = gnu11;
				GCC_NO_COMMON_BLOCKS = YES;
				GCC_WARN_64_TO_32_BIT_CONVERSION = YES;
				GCC_WARN_ABOUT_RETURN_TYPE = YES_ERROR;
				GCC_WARN_UNDECLARED_SELECTOR = YES;
				GCC_WARN_UNINITIALIZED_AUTOS = YES_AGGRESSIVE;
				GCC_WARN_UNUSED_FUNCTION = YES;
				GCC_WARN_UNUSED_VARIABLE = YES;
				IPHONEOS_DEPLOYMENT_TARGET = 15.5;
				MTL_ENABLE_DEBUG_INFO = NO;
				MTL_FAST_MATH = YES;
				SDKROOT = iphoneos;
				SWIFT_COMPILATION_MODE = wholemodule;
				SWIFT_OPTIMIZATION_LEVEL = "-O";
				VALIDATE_PRODUCT = YES;
			};
			name = Release;
		};
		817BD6C628C3802100280B4F /* Debug */ = {
			isa = XCBuildConfiguration;
			baseConfigurationReference = 39DCB45BF9583CD2BCF4FD0F /* Pods-LoginFirebaseStoryboard.debug.xcconfig */;
			buildSettings = {
				ASSETCATALOG_COMPILER_APPICON_NAME = AppIcon;
				ASSETCATALOG_COMPILER_GLOBAL_ACCENT_COLOR_NAME = AccentColor;
				CODE_SIGN_STYLE = Automatic;
				CURRENT_PROJECT_VERSION = 1;
				DEVELOPMENT_TEAM = AL5XP3TRB5;
				GENERATE_INFOPLIST_FILE = YES;
				INFOPLIST_FILE = LoginFirebaseStoryboard/Info.plist;
				INFOPLIST_KEY_UIApplicationSupportsIndirectInputEvents = YES;
				INFOPLIST_KEY_UILaunchStoryboardName = LaunchScreen;
				INFOPLIST_KEY_UIMainStoryboardFile = Main;
				INFOPLIST_KEY_UISupportedInterfaceOrientations_iPad = "UIInterfaceOrientationPortrait UIInterfaceOrientationPortraitUpsideDown UIInterfaceOrientationLandscapeLeft UIInterfaceOrientationLandscapeRight";
				INFOPLIST_KEY_UISupportedInterfaceOrientations_iPhone = "UIInterfaceOrientationPortrait UIInterfaceOrientationLandscapeLeft UIInterfaceOrientationLandscapeRight";
				LD_RUNPATH_SEARCH_PATHS = (
					"$(inherited)",
					"@executable_path/Frameworks",
				);
				MARKETING_VERSION = 1.0;
				PRODUCT_BUNDLE_IDENTIFIER = backfrontacademy.LoginFirebaseStoryboard;
				PRODUCT_NAME = "$(TARGET_NAME)";
				SWIFT_EMIT_LOC_STRINGS = YES;
				SWIFT_VERSION = 5.0;
				TARGETED_DEVICE_FAMILY = 1;
			};
			name = Debug;
		};
		817BD6C728C3802100280B4F /* Release */ = {
			isa = XCBuildConfiguration;
			baseConfigurationReference = 0CC3FF31E0597391D543CC7E /* Pods-LoginFirebaseStoryboard.release.xcconfig */;
			buildSettings = {
				ASSETCATALOG_COMPILER_APPICON_NAME = AppIcon;
				ASSETCATALOG_COMPILER_GLOBAL_ACCENT_COLOR_NAME = AccentColor;
				CODE_SIGN_STYLE = Automatic;
				CURRENT_PROJECT_VERSION = 1;
				DEVELOPMENT_TEAM = AL5XP3TRB5;
				GENERATE_INFOPLIST_FILE = YES;
				INFOPLIST_FILE = LoginFirebaseStoryboard/Info.plist;
				INFOPLIST_KEY_UIApplicationSupportsIndirectInputEvents = YES;
				INFOPLIST_KEY_UILaunchStoryboardName = LaunchScreen;
				INFOPLIST_KEY_UIMainStoryboardFile = Main;
				INFOPLIST_KEY_UISupportedInterfaceOrientations_iPad = "UIInterfaceOrientationPortrait UIInterfaceOrientationPortraitUpsideDown UIInterfaceOrientationLandscapeLeft UIInterfaceOrientationLandscapeRight";
				INFOPLIST_KEY_UISupportedInterfaceOrientations_iPhone = "UIInterfaceOrientationPortrait UIInterfaceOrientationLandscapeLeft UIInterfaceOrientationLandscapeRight";
				LD_RUNPATH_SEARCH_PATHS = (
					"$(inherited)",
					"@executable_path/Frameworks",
				);
				MARKETING_VERSION = 1.0;
				PRODUCT_BUNDLE_IDENTIFIER = backfrontacademy.LoginFirebaseStoryboard;
				PRODUCT_NAME = "$(TARGET_NAME)";
				SWIFT_EMIT_LOC_STRINGS = YES;
				SWIFT_VERSION = 5.0;
				TARGETED_DEVICE_FAMILY = 1;
			};
			name = Release;
		};
/* End XCBuildConfiguration section */

/* Begin XCConfigurationList section */
		817BD6AC28C3802000280B4F /* Build configuration list for PBXProject "LoginFirebaseStoryboard" */ = {
			isa = XCConfigurationList;
			buildConfigurations = (
				817BD6C328C3802100280B4F /* Debug */,
				817BD6C428C3802100280B4F /* Release */,
			);
			defaultConfigurationIsVisible = 0;
			defaultConfigurationName = Release;
		};
		817BD6C528C3802100280B4F /* Build configuration list for PBXNativeTarget "LoginFirebaseStoryboard" */ = {
			isa = XCConfigurationList;
			buildConfigurations = (
				817BD6C628C3802100280B4F /* Debug */,
				817BD6C728C3802100280B4F /* Release */,
			);
			defaultConfigurationIsVisible = 0;
			defaultConfigurationName = Release;
		};
/* End XCConfigurationList section */
	};
	rootObject = 817BD6A928C3802000280B4F /* Project object */;
}
